<?xml version="1.0" encoding="utf-8"?>
<Project ToolsVersion="4.0" xmlns="http://schemas.microsoft.com/developer/msbuild/2003">
  <ItemGroup>
    <Filter Include="01.Default">
      <UniqueIdentifier>{35220712-4c30-4a33-99eb-dbe7a3b6ee3e}</UniqueIdentifier>
    </Filter>
    <Filter Include="03.Game">
      <UniqueIdentifier>{39c4a9fa-f449-473c-9c81-c7f70fc75f7b}</UniqueIdentifier>
    </Filter>
    <Filter Include="03.Game\01.Header">
      <UniqueIdentifier>{6d8713d4-f1f0-4fc6-9e81-baccb53bb3aa}</UniqueIdentifier>
    </Filter>
    <Filter Include="03.Game\02.Engine">
      <UniqueIdentifier>{49428043-1bbf-4ccc-9486-efe20c496582}</UniqueIdentifier>
    </Filter>
    <Filter Include="03.Game\03.Manager">
      <UniqueIdentifier>{c06f2240-7ad6-4690-970f-75c3c6397159}</UniqueIdentifier>
    </Filter>
    <Filter Include="03.Game\04.Object">
      <UniqueIdentifier>{e1c4618b-0e38-4821-8539-567e8bd49525}</UniqueIdentifier>
    </Filter>
    <Filter Include="03.Game\04.Object\proj">
      <UniqueIdentifier>{26bd8e5c-6508-47ae-96f2-33a540126cf1}</UniqueIdentifier>
    </Filter>
    <Filter Include="03.Game\05.Level">
      <UniqueIdentifier>{2958640a-12be-40d0-b4ca-c6ac39152108}</UniqueIdentifier>
    </Filter>
    <Filter Include="03.Game\06.Component">
      <UniqueIdentifier>{2a27e9ef-0729-447c-bfb3-9f45a885b415}</UniqueIdentifier>
    </Filter>
    <Filter Include="03.Game\06.Component\Animation">
      <UniqueIdentifier>{192ec3fa-fc3d-4285-b69a-ffdb7c59e74b}</UniqueIdentifier>
    </Filter>
    <Filter Include="03.Game\06.Component\Collider">
      <UniqueIdentifier>{b871ccfc-09a5-4233-934b-8833db48ccba}</UniqueIdentifier>
    </Filter>
    <Filter Include="03.Game\06.Component\StateMachine">
      <UniqueIdentifier>{a5b56880-7ade-4855-80d4-768022a5113a}</UniqueIdentifier>
    </Filter>
    <Filter Include="03.Game\06.Component\StateMachine\state">
      <UniqueIdentifier>{1c97e7b8-792c-420e-8419-40b809d1bc02}</UniqueIdentifier>
    </Filter>
    <Filter Include="03.Game\06.Component\Movement">
      <UniqueIdentifier>{be11d616-eaa3-4a34-8855-73dc755ffc90}</UniqueIdentifier>
    </Filter>
    <Filter Include="03.Game\07.Asset">
      <UniqueIdentifier>{3a593f6f-35c2-4031-8b55-c3a00676fa33}</UniqueIdentifier>
    </Filter>
    <Filter Include="03.Game\08.UI">
      <UniqueIdentifier>{97f47edb-529b-4736-92e7-5660626d56f7}</UniqueIdentifier>
    </Filter>
    <Filter Include="03.Game\10.StageZero">
      <UniqueIdentifier>{5d4adb12-6d1c-411d-a244-cc3e7d71f4f4}</UniqueIdentifier>
    </Filter>
    <Filter Include="03.Game\11.StageFirst">
      <UniqueIdentifier>{2a230ab3-e496-415e-89ae-b31aa49d560c}</UniqueIdentifier>
    </Filter>
    <Filter Include="03.Game\12.StageSecond">
      <UniqueIdentifier>{cc1d701e-7c0e-4b96-8c40-1e19dc3363dd}</UniqueIdentifier>
    </Filter>
    <Filter Include="03.Game\12.StageSecond\01.BM">
      <UniqueIdentifier>{88fc47d1-0c28-496a-a197-52f8c99e6c8a}</UniqueIdentifier>
    </Filter>
    <Filter Include="03.Game\12.StageSecond\02.rulemon">
      <UniqueIdentifier>{9804f2e4-fee4-4fc7-bc6a-06d05615dddf}</UniqueIdentifier>
    </Filter>
    <Filter Include="03.Game\13.StageThird">
      <UniqueIdentifier>{cb0d4638-f5d5-4cfe-b7db-7287e79de593}</UniqueIdentifier>
    </Filter>
    <Filter Include="03.Game\13.StageThird\01.BM">
      <UniqueIdentifier>{89bd8e8a-0b67-4c60-8f64-8d80c4532565}</UniqueIdentifier>
    </Filter>
    <Filter Include="03.Game\13.StageThird\02.rulemon">
      <UniqueIdentifier>{b9e90e06-85b6-44cf-ad23-ca12cd9379ea}</UniqueIdentifier>
    </Filter>
    <Filter Include="03.Game\14.StageFourth">
      <UniqueIdentifier>{80ad8e53-442b-4003-8338-2a4867d6c48f}</UniqueIdentifier>
    </Filter>
    <Filter Include="03.Game\14.StageFourth\01.BM">
      <UniqueIdentifier>{e1870acb-d739-41d0-acc0-9df53a39608e}</UniqueIdentifier>
    </Filter>
    <Filter Include="03.Game\14.StageFourth\02.rulemon">
      <UniqueIdentifier>{af443bfc-9136-457b-af92-5644972a22e5}</UniqueIdentifier>
    </Filter>
    <Filter Include="03.Game\15.StageFifth">
      <UniqueIdentifier>{898bae20-0c12-4092-a29c-869178e999ca}</UniqueIdentifier>
    </Filter>
    <Filter Include="03.Game\15.StageFifth\01.Egg">
      <UniqueIdentifier>{973d1514-fac0-4916-b850-afa34bd31c33}</UniqueIdentifier>
    </Filter>
    <Filter Include="03.Game\09.Skill">
      <UniqueIdentifier>{9d289d84-0734-4372-8b0b-ddb22204b619}</UniqueIdentifier>
    </Filter>
    <Filter Include="02.리소스 파일">
      <UniqueIdentifier>{67DA6AB6-F800-4c08-8B7A-83BB121AAD01}</UniqueIdentifier>
      <Extensions>rc;ico;cur;bmp;dlg;rc2;rct;bin;rgs;gif;jpg;jpeg;jpe;resx;tiff;tif;png;wav;mfcribbon-ms</Extensions>
    </Filter>
    <Filter Include="04.CurWork">
      <UniqueIdentifier>{8ce4221e-ecd6-408a-b0c9-04eb2ef16a91}</UniqueIdentifier>
    </Filter>
    <Filter Include="03.Game\10.StageZero\background">
      <UniqueIdentifier>{2308563e-6c6a-4bf4-9bf5-c22f1ff551ac}</UniqueIdentifier>
    </Filter>
    <Filter Include="03.Game\01.Header\pool">
      <UniqueIdentifier>{4c7ae206-a906-4321-8c21-c6094841c2f5}</UniqueIdentifier>
    </Filter>
    <Filter Include="03.Game\10.StageZero\Player">
      <UniqueIdentifier>{fa1ca386-36c9-41f7-bcd0-0330efad2dfd}</UniqueIdentifier>
    </Filter>
    <Filter Include="03.Game\10.StageZero\Player\Skill">
      <UniqueIdentifier>{73d2f1d5-d609-4f0b-aea3-9b238b3bf4ce}</UniqueIdentifier>
    </Filter>
    <Filter Include="03.Game\10.StageZero\Player\State">
      <UniqueIdentifier>{5f170ad8-cdce-4797-a868-4aa533480d6a}</UniqueIdentifier>
    </Filter>
    <Filter Include="03.Game\11.StageFirst\01.ion+yalda">
      <UniqueIdentifier>{7a917847-2f99-4ba2-a6c4-026324cbd2b3}</UniqueIdentifier>
    </Filter>
    <Filter Include="03.Game\11.StageFirst\01.ion+yalda\state">
      <UniqueIdentifier>{2618435f-e399-444d-88f1-71dd21a722b3}</UniqueIdentifier>
    </Filter>
    <Filter Include="03.Game\11.StageFirst\02.rulemon1">
      <UniqueIdentifier>{cc3345d9-230f-4ca0-ac45-eb0c5547abcf}</UniqueIdentifier>
    </Filter>
    <Filter Include="03.Game\11.StageFirst\02.rulemon1\state">
      <UniqueIdentifier>{b789efcb-9d8d-4cb9-b101-86c2c4c2f2ec}</UniqueIdentifier>
    </Filter>
    <Filter Include="03.Game\11.StageFirst\03.rulemon2">
      <UniqueIdentifier>{8b422c15-d965-42f8-ac54-28a8b6f127d4}</UniqueIdentifier>
    </Filter>
    <Filter Include="03.Game\11.StageFirst\03.rulemon2\state">
      <UniqueIdentifier>{9527d5cb-cb45-4939-9ee0-c2a862ca7544}</UniqueIdentifier>
    </Filter>
    <Filter Include="03.Game\11.StageFirst\dakfalling">
      <UniqueIdentifier>{9b4d8077-f20b-4068-ae3f-faa4b33d7cc7}</UniqueIdentifier>
    </Filter>
    <Filter Include="03.Game\11.StageFirst\dakfalling\state">
      <UniqueIdentifier>{f9e458c9-fed2-43c0-b770-9437b479a628}</UniqueIdentifier>
    </Filter>
    <Filter Include="03.Game\10.StageZero\Player\Skill\DS">
      <UniqueIdentifier>{234b98fc-5c21-4b18-8c5c-ff9dd7cea803}</UniqueIdentifier>
    </Filter>
  </ItemGroup>
  <ItemGroup>
    <ClInclude Include="framework.h">
      <Filter>01.Default</Filter>
    </ClInclude>
    <ClInclude Include="jinyoung_client.h">
      <Filter>01.Default</Filter>
    </ClInclude>
    <ClInclude Include="Resource.h">
      <Filter>01.Default</Filter>
    </ClInclude>
    <ClInclude Include="targetver.h">
      <Filter>01.Default</Filter>
    </ClInclude>
    <ClInclude Include="CEngine.h">
      <Filter>03.Game\02.Engine</Filter>
    </ClInclude>
    <ClInclude Include="pch.h">
      <Filter>01.Default</Filter>
    </ClInclude>
    <ClInclude Include="CLevel.h">
      <Filter>03.Game\05.Level</Filter>
    </ClInclude>
    <ClInclude Include="CTimeManager.h">
      <Filter>03.Game\03.Manager</Filter>
    </ClInclude>
    <ClInclude Include="CPlayer.h">
      <Filter>03.Game\04.Object</Filter>
    </ClInclude>
    <ClInclude Include="CObj.h">
      <Filter>03.Game\04.Object</Filter>
    </ClInclude>
    <ClInclude Include="CPal.h">
      <Filter>03.Game\03.Manager</Filter>
    </ClInclude>
    <ClInclude Include="CKeyMgr.h">
      <Filter>03.Game\03.Manager</Filter>
    </ClInclude>
    <ClInclude Include="CLevelMgr.h">
      <Filter>03.Game\03.Manager</Filter>
    </ClInclude>
    <ClInclude Include="CPathMgr.h">
      <Filter>03.Game\03.Manager</Filter>
    </ClInclude>
    <ClInclude Include="CLayer.h">
      <Filter>03.Game\05.Level</Filter>
    </ClInclude>
    <ClInclude Include="CTaskMgr.h">
      <Filter>03.Game\03.Manager</Filter>
    </ClInclude>
    <ClInclude Include="CComponent.h">
      <Filter>03.Game\06.Component</Filter>
    </ClInclude>
    <ClInclude Include="CCollisionMgr.h">
      <Filter>03.Game\03.Manager</Filter>
    </ClInclude>
    <ClInclude Include="CGCMgr.h">
      <Filter>03.Game\03.Manager</Filter>
    </ClInclude>
    <ClInclude Include="CAsset.h">
      <Filter>03.Game\07.Asset</Filter>
    </ClInclude>
    <ClInclude Include="CTexture.h">
      <Filter>03.Game\07.Asset</Filter>
    </ClInclude>
    <ClInclude Include="CAssetMgr.h">
      <Filter>03.Game\03.Manager</Filter>
    </ClInclude>
    <ClInclude Include="CAnimator.h">
      <Filter>03.Game\06.Component\Animation</Filter>
    </ClInclude>
    <ClInclude Include="CAnim.h">
      <Filter>03.Game\06.Component\Animation</Filter>
    </ClInclude>
    <ClInclude Include="CCollider.h">
      <Filter>03.Game\06.Component\Collider</Filter>
    </ClInclude>
    <ClInclude Include="CLogMgr.h">
      <Filter>03.Game\03.Manager</Filter>
    </ClInclude>
    <ClInclude Include="CCamera.h">
      <Filter>03.Game\03.Manager</Filter>
    </ClInclude>
    <ClInclude Include="func.h">
      <Filter>03.Game\01.Header</Filter>
    </ClInclude>
    <ClInclude Include="global.h">
      <Filter>03.Game\01.Header</Filter>
    </ClInclude>
    <ClInclude Include="struct.h">
      <Filter>03.Game\01.Header</Filter>
    </ClInclude>
    <ClInclude Include="components.h">
      <Filter>03.Game\01.Header</Filter>
    </ClInclude>
    <ClInclude Include="CMovement.h">
      <Filter>03.Game\06.Component\Movement</Filter>
    </ClInclude>
    <ClInclude Include="CPlatform.h">
      <Filter>03.Game\04.Object</Filter>
    </ClInclude>
    <ClInclude Include="CEditorLevel.h">
      <Filter>03.Game\05.Level</Filter>
    </ClInclude>
    <ClInclude Include="CEntity.h">
      <Filter>03.Game\04.Object</Filter>
    </ClInclude>
    <ClInclude Include="CProjectile.h">
      <Filter>03.Game\04.Object\proj</Filter>
    </ClInclude>
    <ClInclude Include="CGuided.h">
      <Filter>03.Game\04.Object\proj</Filter>
    </ClInclude>
    <ClInclude Include="CTile.h">
      <Filter>03.Game\04.Object</Filter>
    </ClInclude>
    <ClInclude Include="CBtnUI.h">
      <Filter>03.Game\08.UI</Filter>
    </ClInclude>
    <ClInclude Include="CPanelUI.h">
      <Filter>03.Game\08.UI</Filter>
    </ClInclude>
    <ClInclude Include="CUI.h">
      <Filter>03.Game\08.UI</Filter>
    </ClInclude>
    <ClInclude Include="CSound.h">
      <Filter>03.Game\07.Asset</Filter>
    </ClInclude>
    <ClInclude Include="CSoundMgr.h">
      <Filter>03.Game\03.Manager</Filter>
    </ClInclude>
    <ClInclude Include="CStateMachine.h">
      <Filter>03.Game\06.Component\StateMachine</Filter>
    </ClInclude>
    <ClInclude Include="CState.h">
      <Filter>03.Game\06.Component\StateMachine\state</Filter>
    </ClInclude>
    <ClInclude Include="CBackGround.h">
      <Filter>03.Game\10.StageZero\background</Filter>
    </ClInclude>
    <ClInclude Include="CStartLevel.h">
      <Filter>03.Game\05.Level</Filter>
    </ClInclude>
    <ClInclude Include="CEnteranceLevel.h">
      <Filter>03.Game\10.StageZero</Filter>
    </ClInclude>
    <ClInclude Include="CMonster.h">
      <Filter>03.Game\04.Object</Filter>
    </ClInclude>
    <ClInclude Include="CSkill.h">
      <Filter>03.Game\09.Skill</Filter>
    </ClInclude>
    <ClInclude Include="CSkillMgr.h">
      <Filter>03.Game\09.Skill</Filter>
    </ClInclude>
    <ClInclude Include="pinkbean_doublejump.h">
      <Filter>03.Game\10.StageZero\Player\Skill</Filter>
    </ClInclude>
    <ClInclude Include="pinkbean_phantomblow.h">
      <Filter>03.Game\10.StageZero\Player\Skill</Filter>
    </ClInclude>
    <ClInclude Include="CPlayerAttNorm.h">
      <Filter>03.Game\10.StageZero\Player\State</Filter>
    </ClInclude>
    <ClInclude Include="CPlayerIdle.h">
      <Filter>03.Game\10.StageZero\Player\State</Filter>
    </ClInclude>
    <ClInclude Include="CPlayerMove.h">
      <Filter>03.Game\10.StageZero\Player\State</Filter>
    </ClInclude>
    <ClInclude Include="CPlayerOnAir.h">
      <Filter>03.Game\10.StageZero\Player\State</Filter>
    </ClInclude>
    <ClInclude Include="ion.h">
      <Filter>03.Game\11.StageFirst\01.ion+yalda</Filter>
    </ClInclude>
    <ClInclude Include="CPlayerDown.h">
      <Filter>03.Game\10.StageZero\Player\State</Filter>
    </ClInclude>
    <ClInclude Include="CWall.h">
      <Filter>03.Game\04.Object</Filter>
    </ClInclude>
    <ClInclude Include="CMonsterMgr.h">
      <Filter>03.Game\03.Manager</Filter>
    </ClInclude>
    <ClInclude Include="uis.h">
      <Filter>03.Game\01.Header\pool</Filter>
    </ClInclude>
    <ClInclude Include="CStatusUI.h">
      <Filter>03.Game\08.UI</Filter>
    </ClInclude>
    <ClInclude Include="CPortal.h">
      <Filter>03.Game\10.StageZero</Filter>
    </ClInclude>
    <ClInclude Include="CPhaseFirst.h">
      <Filter>03.Game\11.StageFirst</Filter>
    </ClInclude>
    <ClInclude Include="yalda.h">
      <Filter>03.Game\11.StageFirst\01.ion+yalda</Filter>
    </ClInclude>
    <ClInclude Include="CUIMgr.h">
      <Filter>03.Game\03.Manager</Filter>
    </ClInclude>
    <ClInclude Include="CNormalMonAtt1.h">
      <Filter>03.Game\11.StageFirst\01.ion+yalda\state</Filter>
    </ClInclude>
    <ClInclude Include="CNormalMonAtt3.h">
      <Filter>03.Game\11.StageFirst\01.ion+yalda\state</Filter>
    </ClInclude>
    <ClInclude Include="CNormalMonDie.h">
      <Filter>03.Game\11.StageFirst\01.ion+yalda\state</Filter>
    </ClInclude>
    <ClInclude Include="CNormalMonIdle.h">
      <Filter>03.Game\11.StageFirst\01.ion+yalda\state</Filter>
    </ClInclude>
    <ClInclude Include="CNormalMonRegen.h">
      <Filter>03.Game\11.StageFirst\01.ion+yalda\state</Filter>
    </ClInclude>
    <ClInclude Include="CNormalMonTrace.h">
      <Filter>03.Game\11.StageFirst\01.ion+yalda\state</Filter>
    </ClInclude>
    <ClInclude Include="ChainAttack.h">
      <Filter>03.Game\11.StageFirst\02.rulemon1</Filter>
    </ClInclude>
    <ClInclude Include="rulemon11.h">
      <Filter>03.Game\11.StageFirst\02.rulemon1</Filter>
    </ClInclude>
    <ClInclude Include="CRuleMon11Idle.h">
      <Filter>03.Game\11.StageFirst\02.rulemon1\state</Filter>
    </ClInclude>
    <ClInclude Include="CRuleMon11Attack.h">
      <Filter>03.Game\11.StageFirst\02.rulemon1\state</Filter>
    </ClInclude>
    <ClInclude Include="monsters.h">
      <Filter>04.CurWork</Filter>
    </ClInclude>
    <ClInclude Include="skills.h">
      <Filter>04.CurWork</Filter>
    </ClInclude>
    <ClInclude Include="rulemon12.h">
      <Filter>03.Game\11.StageFirst\03.rulemon2</Filter>
    </ClInclude>
    <ClInclude Include="CDarkFalling.h">
      <Filter>03.Game\11.StageFirst\dakfalling</Filter>
    </ClInclude>
    <ClInclude Include="CRuleMon12Idle.h">
      <Filter>03.Game\11.StageFirst\03.rulemon2\state</Filter>
    </ClInclude>
    <ClInclude Include="CRuleMon12Attack.h">
      <Filter>03.Game\11.StageFirst\03.rulemon2\state</Filter>
    </ClInclude>
    <ClInclude Include="define.h">
      <Filter>04.CurWork</Filter>
    </ClInclude>
    <ClInclude Include="CDarkFallingDie.h">
      <Filter>03.Game\11.StageFirst\dakfalling\state</Filter>
    </ClInclude>
    <ClInclude Include="CDarkFallingIdle.h">
      <Filter>03.Game\11.StageFirst\dakfalling\state</Filter>
    </ClInclude>
    <ClInclude Include="CDarkFallingRegen.h">
      <Filter>03.Game\11.StageFirst\dakfalling\state</Filter>
    </ClInclude>
    <ClInclude Include="CPlayerDead.h">
      <Filter>03.Game\10.StageZero\Player\State</Filter>
    </ClInclude>
    <ClInclude Include="CDamageSkin.h">
      <Filter>03.Game\10.StageZero\Player\Skill\DS</Filter>
    </ClInclude>
    <ClInclude Include="CDamageSkinRed.h">
      <Filter>03.Game\10.StageZero\Player\Skill\DS</Filter>
    </ClInclude>
    <ClInclude Include="CUpperBar.h" />
  </ItemGroup>
  <ItemGroup>
    <ResourceCompile Include="jinyoung_client.rc">
      <Filter>02.리소스 파일</Filter>
    </ResourceCompile>
  </ItemGroup>
  <ItemGroup>
    <Image Include="small.ico">
      <Filter>02.리소스 파일</Filter>
    </Image>
    <Image Include="jinyoung_client.ico">
      <Filter>02.리소스 파일</Filter>
    </Image>
  </ItemGroup>
  <ItemGroup>
    <ClCompile Include="CEngine.cpp">
      <Filter>03.Game\02.Engine</Filter>
    </ClCompile>
    <ClCompile Include="pch.cpp">
      <Filter>01.Default</Filter>
    </ClCompile>
    <ClCompile Include="CTimeManager.cpp">
      <Filter>03.Game\03.Manager</Filter>
    </ClCompile>
    <ClCompile Include="CObj.cpp">
      <Filter>03.Game\04.Object</Filter>
    </ClCompile>
    <ClCompile Include="CPal.cpp">
      <Filter>03.Game\03.Manager</Filter>
    </ClCompile>
    <ClCompile Include="CKeyMgr.cpp">
      <Filter>03.Game\03.Manager</Filter>
    </ClCompile>
    <ClCompile Include="CPathMgr.cpp">
      <Filter>03.Game\03.Manager</Filter>
    </ClCompile>
    <ClCompile Include="CLayer.cpp">
      <Filter>03.Game\05.Level</Filter>
    </ClCompile>
    <ClCompile Include="CTaskMgr.cpp">
      <Filter>03.Game\03.Manager</Filter>
    </ClCompile>
    <ClCompile Include="CComponent.cpp">
      <Filter>03.Game\06.Component</Filter>
    </ClCompile>
    <ClCompile Include="CCollisionMgr.cpp">
      <Filter>03.Game\03.Manager</Filter>
    </ClCompile>
    <ClCompile Include="CGCMgr.cpp">
      <Filter>03.Game\03.Manager</Filter>
    </ClCompile>
    <ClCompile Include="CAsset.cpp">
      <Filter>03.Game\07.Asset</Filter>
    </ClCompile>
    <ClCompile Include="CTexture.cpp">
      <Filter>03.Game\07.Asset</Filter>
    </ClCompile>
    <ClCompile Include="CAssetMgr.cpp">
      <Filter>03.Game\03.Manager</Filter>
    </ClCompile>
    <ClCompile Include="CAnim.cpp">
      <Filter>03.Game\06.Component\Animation</Filter>
    </ClCompile>
    <ClCompile Include="CAnimator.cpp">
      <Filter>03.Game\06.Component\Animation</Filter>
    </ClCompile>
    <ClCompile Include="CCollider.cpp">
      <Filter>03.Game\06.Component\Collider</Filter>
    </ClCompile>
    <ClCompile Include="CLogMgr.cpp">
      <Filter>03.Game\03.Manager</Filter>
    </ClCompile>
    <ClCompile Include="CCamera.cpp">
      <Filter>03.Game\03.Manager</Filter>
    </ClCompile>
    <ClCompile Include="func.cpp">
      <Filter>03.Game\01.Header</Filter>
    </ClCompile>
    <ClCompile Include="struct.cpp">
      <Filter>03.Game\01.Header</Filter>
    </ClCompile>
    <ClCompile Include="CMovement.cpp">
      <Filter>03.Game\06.Component\Movement</Filter>
    </ClCompile>
    <ClCompile Include="CPlatform.cpp">
      <Filter>03.Game\04.Object</Filter>
    </ClCompile>
    <ClCompile Include="CEditorLevel.cpp">
      <Filter>03.Game\05.Level</Filter>
    </ClCompile>
    <ClCompile Include="CStartLevel.cpp">
      <Filter>03.Game\05.Level</Filter>
    </ClCompile>
    <ClCompile Include="CEntity.cpp">
      <Filter>03.Game\04.Object</Filter>
    </ClCompile>
    <ClCompile Include="CProjectile.cpp">
      <Filter>03.Game\04.Object\proj</Filter>
    </ClCompile>
    <ClCompile Include="CGuided.cpp">
      <Filter>03.Game\04.Object\proj</Filter>
    </ClCompile>
    <ClCompile Include="CTile.cpp">
      <Filter>03.Game\04.Object</Filter>
    </ClCompile>
    <ClCompile Include="CBtnUI.cpp">
      <Filter>03.Game\08.UI</Filter>
    </ClCompile>
    <ClCompile Include="CPanelUI.cpp">
      <Filter>03.Game\08.UI</Filter>
    </ClCompile>
    <ClCompile Include="CUI.cpp">
      <Filter>03.Game\08.UI</Filter>
    </ClCompile>
    <ClCompile Include="CSound.cpp">
      <Filter>03.Game\07.Asset</Filter>
    </ClCompile>
    <ClCompile Include="CSoundMgr.cpp">
      <Filter>03.Game\03.Manager</Filter>
    </ClCompile>
    <ClCompile Include="CStateMachine.cpp">
      <Filter>03.Game\06.Component\StateMachine</Filter>
    </ClCompile>
    <ClCompile Include="CState.cpp">
      <Filter>03.Game\06.Component\StateMachine\state</Filter>
    </ClCompile>
    <ClCompile Include="CBackGround.cpp">
      <Filter>03.Game\10.StageZero\background</Filter>
    </ClCompile>
    <ClCompile Include="CEnteranceLevel.cpp">
      <Filter>03.Game\10.StageZero</Filter>
    </ClCompile>
    <ClCompile Include="CMonster.cpp">
      <Filter>03.Game\04.Object</Filter>
    </ClCompile>
    <ClCompile Include="CSkill.cpp">
      <Filter>03.Game\09.Skill</Filter>
    </ClCompile>
    <ClCompile Include="pinkbean_doublejump.cpp">
      <Filter>03.Game\10.StageZero\Player\Skill</Filter>
    </ClCompile>
    <ClCompile Include="pinkbean_phantomblow.cpp">
      <Filter>03.Game\10.StageZero\Player\Skill</Filter>
    </ClCompile>
    <ClCompile Include="CPlayerAttNorm.cpp">
      <Filter>03.Game\10.StageZero\Player\State</Filter>
    </ClCompile>
    <ClCompile Include="CPlayerIdle.cpp">
      <Filter>03.Game\10.StageZero\Player\State</Filter>
    </ClCompile>
    <ClCompile Include="CPlayerMove.cpp">
      <Filter>03.Game\10.StageZero\Player\State</Filter>
    </ClCompile>
    <ClCompile Include="CPlayerOnAir.cpp">
      <Filter>03.Game\10.StageZero\Player\State</Filter>
    </ClCompile>
    <ClCompile Include="ion.cpp">
      <Filter>03.Game\11.StageFirst\01.ion+yalda</Filter>
    </ClCompile>
    <ClCompile Include="CPlayerDown.cpp">
      <Filter>03.Game\10.StageZero\Player\State</Filter>
    </ClCompile>
    <ClCompile Include="CWall.cpp">
      <Filter>03.Game\04.Object</Filter>
    </ClCompile>
    <ClCompile Include="CStatusUI.cpp">
      <Filter>03.Game\08.UI</Filter>
    </ClCompile>
    <ClCompile Include="main.cpp">
      <Filter>03.Game\02.Engine</Filter>
    </ClCompile>
    <ClCompile Include="CPortal.cpp">
      <Filter>03.Game\10.StageZero</Filter>
    </ClCompile>
    <ClCompile Include="CPhaseFirst.cpp">
      <Filter>03.Game\11.StageFirst</Filter>
    </ClCompile>
    <ClCompile Include="yalda.cpp">
      <Filter>03.Game\11.StageFirst\01.ion+yalda</Filter>
    </ClCompile>
    <ClCompile Include="CMonsterMgr.cpp">
      <Filter>04.CurWork</Filter>
    </ClCompile>
    <ClCompile Include="CSkillMgr.cpp">
      <Filter>04.CurWork</Filter>
    </ClCompile>
    <ClCompile Include="CLevelMgr.cpp">
      <Filter>04.CurWork</Filter>
    </ClCompile>
    <ClCompile Include="CLevel.cpp">
      <Filter>04.CurWork</Filter>
    </ClCompile>
    <ClCompile Include="CNormalMonAtt1.cpp">
      <Filter>03.Game\11.StageFirst\01.ion+yalda\state</Filter>
    </ClCompile>
    <ClCompile Include="CNormalMonAtt3.cpp">
      <Filter>03.Game\11.StageFirst\01.ion+yalda\state</Filter>
    </ClCompile>
    <ClCompile Include="CNormalMonDie.cpp">
      <Filter>03.Game\11.StageFirst\01.ion+yalda\state</Filter>
    </ClCompile>
    <ClCompile Include="CNormalMonIdle.cpp">
      <Filter>03.Game\11.StageFirst\01.ion+yalda\state</Filter>
    </ClCompile>
    <ClCompile Include="CNormalMonRegen.cpp">
      <Filter>03.Game\11.StageFirst\01.ion+yalda\state</Filter>
    </ClCompile>
    <ClCompile Include="CNormalMonTrace.cpp">
      <Filter>03.Game\11.StageFirst\01.ion+yalda\state</Filter>
    </ClCompile>
    <ClCompile Include="ChainAttack.cpp">
      <Filter>03.Game\11.StageFirst\02.rulemon1</Filter>
    </ClCompile>
    <ClCompile Include="rulemon11.cpp">
      <Filter>03.Game\11.StageFirst\02.rulemon1</Filter>
    </ClCompile>
    <ClCompile Include="CRuleMon11Attack.cpp">
      <Filter>03.Game\11.StageFirst\02.rulemon1\state</Filter>
    </ClCompile>
    <ClCompile Include="CRuleMon11Idle.cpp">
      <Filter>03.Game\11.StageFirst\02.rulemon1\state</Filter>
    </ClCompile>
    <ClCompile Include="rulemon12.cpp">
      <Filter>03.Game\11.StageFirst\03.rulemon2</Filter>
    </ClCompile>
    <ClCompile Include="CDarkFalling.cpp">
      <Filter>03.Game\11.StageFirst\dakfalling</Filter>
    </ClCompile>
    <ClCompile Include="CRuleMon12Attack.cpp">
      <Filter>03.Game\11.StageFirst\03.rulemon2\state</Filter>
    </ClCompile>
    <ClCompile Include="CRuleMon12Idle.cpp">
      <Filter>03.Game\11.StageFirst\03.rulemon2\state</Filter>
    </ClCompile>
    <ClCompile Include="CDarkFallingDie.cpp">
      <Filter>03.Game\11.StageFirst\dakfalling\state</Filter>
    </ClCompile>
    <ClCompile Include="CDarkFallingIdle.cpp">
      <Filter>03.Game\11.StageFirst\dakfalling\state</Filter>
    </ClCompile>
    <ClCompile Include="CDarkFallingRegen.cpp">
      <Filter>03.Game\11.StageFirst\dakfalling\state</Filter>
    </ClCompile>
    <ClCompile Include="CPlayer.cpp">
      <Filter>04.CurWork</Filter>
    </ClCompile>
    <ClCompile Include="CUIMgr.cpp">
      <Filter>04.CurWork</Filter>
    </ClCompile>
    <ClCompile Include="CPlayerDead.cpp">
      <Filter>03.Game\10.StageZero\Player\State</Filter>
    </ClCompile>
    <ClCompile Include="CDamageSkin.cpp">
      <Filter>03.Game\10.StageZero\Player\Skill\DS</Filter>
    </ClCompile>
    <ClCompile Include="CDamageSkinRed.cpp">
      <Filter>03.Game\10.StageZero\Player\Skill\DS</Filter>
    </ClCompile>
    <ClCompile Include="CUpperBar.cpp" />
  </ItemGroup>
</Project>